
Microsoft Visual Studio Solution File, Format Version 12.00
# Visual Studio Version 16
VisualStudioVersion = 16.0.31424.327
MinimumVisualStudioVersion = 10.0.40219.1
Project("{FAE04EC0-301F-11D3-BF4B-00C04F79EFBC}") = "LMJ.Business", "Business\LMJ.Business\LMJ.Business.csproj", "{1809C1BC-A45F-4A71-B229-A529689EE4B4}"
EndProject
Project("{FAE04EC0-301F-11D3-BF4B-00C04F79EFBC}") = "LMJ.Data", "Data\LMJ.Data\LMJ.Data.csproj", "{E8756EC0-B6DA-4513-8B62-F694CDD132A3}"
EndProject
Project("{FAE04EC0-301F-11D3-BF4B-00C04F79EFBC}") = "LMJ.Hosts.Web", "Hosts\LMJ.Hosts.Web\LMJ.Hosts.Web.csproj", "{DBD9A614-2CB2-4317-BF86-9BDC94E85022}"
EndProject
Project("{FAE04EC0-301F-11D3-BF4B-00C04F79EFBC}") = "LMJ.UI.Process", "Presentation\LMJ.UI.Process\LMJ.UI.Process.csproj", "{9F96235C-A960-4BE1-969B-5E3C1C17EC3A}"
EndProject
Project("{2150E333-8FDC-42A3-9474-1A3956D46DE8}") = "Business", "Business", "{B64D19A0-740A-4742-B033-E61988A7D34C}"
EndProject
Project("{2150E333-8FDC-42A3-9474-1A3956D46DE8}") = "Data", "Data", "{BE8C2FD8-D33A-4350-A598-36A4C86D755A}"
EndProject
Project("{2150E333-8FDC-42A3-9474-1A3956D46DE8}") = "Host", "Host", "{138AF129-DCCA-4B0D-A6A0-3E99B004F1D9}"
EndProject
Project("{2150E333-8FDC-42A3-9474-1A3956D46DE8}") = "Presentation", "Presentation", "{FAC3031F-7F44-4F62-ADA0-9B8EA4068784}"
EndProject
Project("{FAE04EC0-301F-11D3-BF4B-00C04F79EFBC}") = "LMJ.UI.Web", "Presentation\LMJ.UI.Web\LMJ.UI.Web.csproj", "{DE55ABF8-3AF1-45B3-B786-444F96B65B34}"
EndProject
Project("{2150E333-8FDC-42A3-9474-1A3956D46DE8}") = "Services", "Services", "{57A4813F-C62E-4CBA-965A-B1B87D5E86E6}"
EndProject
Project("{2150E333-8FDC-42A3-9474-1A3956D46DE8}") = "Shared", "Shared", "{D90B9E7C-80CA-4CA3-9E23-BE82E225553B}"
EndProject
Project("{2150E333-8FDC-42A3-9474-1A3956D46DE8}") = "Tests", "Tests", "{4B877C23-9A08-47CE-AFC7-1FED5074C112}"
EndProject
Project("{FAE04EC0-301F-11D3-BF4B-00C04F79EFBC}") = "LMJ.Services", "Services\LMJ.Services\LMJ.Services.csproj", "{2477C2B7-82D1-40AA-B8A7-5385A9B7065D}"
EndProject
Project("{FAE04EC0-301F-11D3-BF4B-00C04F79EFBC}") = "LMJ.Services.Contracts", "Services\LMJ.Services.Contracts\LMJ.Services.Contracts.csproj", "{3CD35E18-6CEE-4725-B820-B2A526622690}"
EndProject
Project("{FAE04EC0-301F-11D3-BF4B-00C04F79EFBC}") = "LMJ.Services.Http", "Services\LMJ.Services.Http\LMJ.Services.Http.csproj", "{4197E021-8B04-42BE-8483-EC5CFC7EB4C9}"
EndProject
Project("{FAE04EC0-301F-11D3-BF4B-00C04F79EFBC}") = "LMJ.Entities", "Shared\LMJ.Entities\LMJ.Entities.csproj", "{549B3D8D-7C35-4F25-92E6-DF9D195310E0}"
EndProject
Project("{FAE04EC0-301F-11D3-BF4B-00C04F79EFBC}") = "LMJ.Framework", "Shared\LMJ.Framework\LMJ.Framework.csproj", "{284623C1-00DD-42B3-A85D-7BE5A9686D83}"
EndProject
Project("{FAE04EC0-301F-11D3-BF4B-00C04F79EFBC}") = "LMJ.Test", "Tests\LMJ.Test\LMJ.Test.csproj", "{04BFAE17-3557-4B85-99BD-5CB1384CD0FD}"
EndProject
Global
	GlobalSection(SolutionConfigurationPlatforms) = preSolution
		Debug|Any CPU = Debug|Any CPU
		Debug|x86 = Debug|x86
		Release|Any CPU = Release|Any CPU
		Release|x86 = Release|x86
	EndGlobalSection
	GlobalSection(ProjectConfigurationPlatforms) = postSolution
		{1809C1BC-A45F-4A71-B229-A529689EE4B4}.Debug|Any CPU.ActiveCfg = Debug|Any CPU
		{1809C1BC-A45F-4A71-B229-A529689EE4B4}.Debug|Any CPU.Build.0 = Debug|Any CPU
		{1809C1BC-A45F-4A71-B229-A529689EE4B4}.Debug|x86.ActiveCfg = Debug|Any CPU
		{1809C1BC-A45F-4A71-B229-A529689EE4B4}.Debug|x86.Build.0 = Debug|Any CPU
		{1809C1BC-A45F-4A71-B229-A529689EE4B4}.Release|Any CPU.ActiveCfg = Release|Any CPU
		{1809C1BC-A45F-4A71-B229-A529689EE4B4}.Release|Any CPU.Build.0 = Release|Any CPU
		{1809C1BC-A45F-4A71-B229-A529689EE4B4}.Release|x86.ActiveCfg = Release|Any CPU
		{1809C1BC-A45F-4A71-B229-A529689EE4B4}.Release|x86.Build.0 = Release|Any CPU
		{E8756EC0-B6DA-4513-8B62-F694CDD132A3}.Debug|Any CPU.ActiveCfg = Debug|Any CPU
		{E8756EC0-B6DA-4513-8B62-F694CDD132A3}.Debug|Any CPU.Build.0 = Debug|Any CPU
		{E8756EC0-B6DA-4513-8B62-F694CDD132A3}.Debug|x86.ActiveCfg = Debug|x86
		{E8756EC0-B6DA-4513-8B62-F694CDD132A3}.Debug|x86.Build.0 = Debug|x86
		{E8756EC0-B6DA-4513-8B62-F694CDD132A3}.Release|Any CPU.ActiveCfg = Release|Any CPU
		{E8756EC0-B6DA-4513-8B62-F694CDD132A3}.Release|Any CPU.Build.0 = Release|Any CPU
		{E8756EC0-B6DA-4513-8B62-F694CDD132A3}.Release|x86.ActiveCfg = Release|x86
		{E8756EC0-B6DA-4513-8B62-F694CDD132A3}.Release|x86.Build.0 = Release|x86
		{DBD9A614-2CB2-4317-BF86-9BDC94E85022}.Debug|Any CPU.ActiveCfg = Debug|Any CPU
		{DBD9A614-2CB2-4317-BF86-9BDC94E85022}.Debug|Any CPU.Build.0 = Debug|Any CPU
		{DBD9A614-2CB2-4317-BF86-9BDC94E85022}.Debug|x86.ActiveCfg = Debug|x86
		{DBD9A614-2CB2-4317-BF86-9BDC94E85022}.Debug|x86.Build.0 = Debug|x86
		{DBD9A614-2CB2-4317-BF86-9BDC94E85022}.Release|Any CPU.ActiveCfg = Release|Any CPU
		{DBD9A614-2CB2-4317-BF86-9BDC94E85022}.Release|Any CPU.Build.0 = Release|Any CPU
		{DBD9A614-2CB2-4317-BF86-9BDC94E85022}.Release|x86.ActiveCfg = Release|x86
		{DBD9A614-2CB2-4317-BF86-9BDC94E85022}.Release|x86.Build.0 = Release|x86
		{9F96235C-A960-4BE1-969B-5E3C1C17EC3A}.Debug|Any CPU.ActiveCfg = Debug|Any CPU
		{9F96235C-A960-4BE1-969B-5E3C1C17EC3A}.Debug|Any CPU.Build.0 = Debug|Any CPU
		{9F96235C-A960-4BE1-969B-5E3C1C17EC3A}.Debug|x86.ActiveCfg = Debug|x86
		{9F96235C-A960-4BE1-969B-5E3C1C17EC3A}.Debug|x86.Build.0 = Debug|x86
		{9F96235C-A960-4BE1-969B-5E3C1C17EC3A}.Release|Any CPU.ActiveCfg = Release|Any CPU
		{9F96235C-A960-4BE1-969B-5E3C1C17EC3A}.Release|Any CPU.Build.0 = Release|Any CPU
		{9F96235C-A960-4BE1-969B-5E3C1C17EC3A}.Release|x86.ActiveCfg = Release|x86
		{9F96235C-A960-4BE1-969B-5E3C1C17EC3A}.Release|x86.Build.0 = Release|x86
		{DE55ABF8-3AF1-45B3-B786-444F96B65B34}.Debug|Any CPU.ActiveCfg = Debug|Any CPU
		{DE55ABF8-3AF1-45B3-B786-444F96B65B34}.Debug|Any CPU.Build.0 = Debug|Any CPU
		{DE55ABF8-3AF1-45B3-B786-444F96B65B34}.Debug|x86.ActiveCfg = Debug|x86
		{DE55ABF8-3AF1-45B3-B786-444F96B65B34}.Debug|x86.Build.0 = Debug|x86
		{DE55ABF8-3AF1-45B3-B786-444F96B65B34}.Release|Any CPU.ActiveCfg = Release|Any CPU
		{DE55ABF8-3AF1-45B3-B786-444F96B65B34}.Release|Any CPU.Build.0 = Release|Any CPU
		{DE55ABF8-3AF1-45B3-B786-444F96B65B34}.Release|x86.ActiveCfg = Release|x86
		{DE55ABF8-3AF1-45B3-B786-444F96B65B34}.Release|x86.Build.0 = Release|x86
		{2477C2B7-82D1-40AA-B8A7-5385A9B7065D}.Debug|Any CPU.ActiveCfg = Debug|Any CPU
		{2477C2B7-82D1-40AA-B8A7-5385A9B7065D}.Debug|Any CPU.Build.0 = Debug|Any CPU
		{2477C2B7-82D1-40AA-B8A7-5385A9B7065D}.Debug|x86.ActiveCfg = Debug|x86
		{2477C2B7-82D1-40AA-B8A7-5385A9B7065D}.Debug|x86.Build.0 = Debug|x86
		{2477C2B7-82D1-40AA-B8A7-5385A9B7065D}.Release|Any CPU.ActiveCfg = Release|Any CPU
		{2477C2B7-82D1-40AA-B8A7-5385A9B7065D}.Release|Any CPU.Build.0 = Release|Any CPU
		{2477C2B7-82D1-40AA-B8A7-5385A9B7065D}.Release|x86.ActiveCfg = Release|x86
		{2477C2B7-82D1-40AA-B8A7-5385A9B7065D}.Release|x86.Build.0 = Release|x86
		{3CD35E18-6CEE-4725-B820-B2A526622690}.Debug|Any CPU.ActiveCfg = Debug|Any CPU
		{3CD35E18-6CEE-4725-B820-B2A526622690}.Debug|Any CPU.Build.0 = Debug|Any CPU
		{3CD35E18-6CEE-4725-B820-B2A526622690}.Debug|x86.ActiveCfg = Debug|x86
		{3CD35E18-6CEE-4725-B820-B2A526622690}.Debug|x86.Build.0 = Debug|x86
		{3CD35E18-6CEE-4725-B820-B2A526622690}.Release|Any CPU.ActiveCfg = Release|Any CPU
		{3CD35E18-6CEE-4725-B820-B2A526622690}.Release|Any CPU.Build.0 = Release|Any CPU
		{3CD35E18-6CEE-4725-B820-B2A526622690}.Release|x86.ActiveCfg = Release|x86
		{3CD35E18-6CEE-4725-B820-B2A526622690}.Release|x86.Build.0 = Release|x86
		{4197E021-8B04-42BE-8483-EC5CFC7EB4C9}.Debug|Any CPU.ActiveCfg = Debug|Any CPU
		{4197E021-8B04-42BE-8483-EC5CFC7EB4C9}.Debug|Any CPU.Build.0 = Debug|Any CPU
		{4197E021-8B04-42BE-8483-EC5CFC7EB4C9}.Debug|x86.ActiveCfg = Debug|Any CPU
		{4197E021-8B04-42BE-8483-EC5CFC7EB4C9}.Debug|x86.Build.0 = Debug|Any CPU
		{4197E021-8B04-42BE-8483-EC5CFC7EB4C9}.Release|Any CPU.ActiveCfg = Release|Any CPU
		{4197E021-8B04-42BE-8483-EC5CFC7EB4C9}.Release|Any CPU.Build.0 = Release|Any CPU
		{4197E021-8B04-42BE-8483-EC5CFC7EB4C9}.Release|x86.ActiveCfg = Release|Any CPU
		{4197E021-8B04-42BE-8483-EC5CFC7EB4C9}.Release|x86.Build.0 = Release|Any CPU
		{549B3D8D-7C35-4F25-92E6-DF9D195310E0}.Debug|Any CPU.ActiveCfg = Debug|Any CPU
		{549B3D8D-7C35-4F25-92E6-DF9D195310E0}.Debug|Any CPU.Build.0 = Debug|Any CPU
		{549B3D8D-7C35-4F25-92E6-DF9D195310E0}.Debug|x86.ActiveCfg = Debug|x86
		{549B3D8D-7C35-4F25-92E6-DF9D195310E0}.Debug|x86.Build.0 = Debug|x86
		{549B3D8D-7C35-4F25-92E6-DF9D195310E0}.Release|Any CPU.ActiveCfg = Release|Any CPU
		{549B3D8D-7C35-4F25-92E6-DF9D195310E0}.Release|Any CPU.Build.0 = Release|Any CPU
		{549B3D8D-7C35-4F25-92E6-DF9D195310E0}.Release|x86.ActiveCfg = Release|x86
		{549B3D8D-7C35-4F25-92E6-DF9D195310E0}.Release|x86.Build.0 = Release|x86
		{284623C1-00DD-42B3-A85D-7BE5A9686D83}.Debug|Any CPU.ActiveCfg = Debug|Any CPU
		{284623C1-00DD-42B3-A85D-7BE5A9686D83}.Debug|Any CPU.Build.0 = Debug|Any CPU
		{284623C1-00DD-42B3-A85D-7BE5A9686D83}.Debug|x86.ActiveCfg = Debug|Any CPU
		{284623C1-00DD-42B3-A85D-7BE5A9686D83}.Debug|x86.Build.0 = Debug|Any CPU
		{284623C1-00DD-42B3-A85D-7BE5A9686D83}.Release|Any CPU.ActiveCfg = Release|Any CPU
		{284623C1-00DD-42B3-A85D-7BE5A9686D83}.Release|Any CPU.Build.0 = Release|Any CPU
		{284623C1-00DD-42B3-A85D-7BE5A9686D83}.Release|x86.ActiveCfg = Release|Any CPU
		{284623C1-00DD-42B3-A85D-7BE5A9686D83}.Release|x86.Build.0 = Release|Any CPU
		{04BFAE17-3557-4B85-99BD-5CB1384CD0FD}.Debug|Any CPU.ActiveCfg = Debug|Any CPU
		{04BFAE17-3557-4B85-99BD-5CB1384CD0FD}.Debug|Any CPU.Build.0 = Debug|Any CPU
		{04BFAE17-3557-4B85-99BD-5CB1384CD0FD}.Debug|x86.ActiveCfg = Debug|x86
		{04BFAE17-3557-4B85-99BD-5CB1384CD0FD}.Debug|x86.Build.0 = Debug|x86
		{04BFAE17-3557-4B85-99BD-5CB1384CD0FD}.Release|Any CPU.ActiveCfg = Release|Any CPU
		{04BFAE17-3557-4B85-99BD-5CB1384CD0FD}.Release|Any CPU.Build.0 = Release|Any CPU
		{04BFAE17-3557-4B85-99BD-5CB1384CD0FD}.Release|x86.ActiveCfg = Release|x86
		{04BFAE17-3557-4B85-99BD-5CB1384CD0FD}.Release|x86.Build.0 = Release|x86
	EndGlobalSection
	GlobalSection(SolutionProperties) = preSolution
		HideSolutionNode = FALSE
	EndGlobalSection
	GlobalSection(NestedProjects) = preSolution
		{1809C1BC-A45F-4A71-B229-A529689EE4B4} = {B64D19A0-740A-4742-B033-E61988A7D34C}
		{E8756EC0-B6DA-4513-8B62-F694CDD132A3} = {BE8C2FD8-D33A-4350-A598-36A4C86D755A}
		{DBD9A614-2CB2-4317-BF86-9BDC94E85022} = {138AF129-DCCA-4B0D-A6A0-3E99B004F1D9}
		{9F96235C-A960-4BE1-969B-5E3C1C17EC3A} = {FAC3031F-7F44-4F62-ADA0-9B8EA4068784}
		{DE55ABF8-3AF1-45B3-B786-444F96B65B34} = {FAC3031F-7F44-4F62-ADA0-9B8EA4068784}
		{2477C2B7-82D1-40AA-B8A7-5385A9B7065D} = {57A4813F-C62E-4CBA-965A-B1B87D5E86E6}
		{3CD35E18-6CEE-4725-B820-B2A526622690} = {57A4813F-C62E-4CBA-965A-B1B87D5E86E6}
		{4197E021-8B04-42BE-8483-EC5CFC7EB4C9} = {57A4813F-C62E-4CBA-965A-B1B87D5E86E6}
		{549B3D8D-7C35-4F25-92E6-DF9D195310E0} = {D90B9E7C-80CA-4CA3-9E23-BE82E225553B}
		{284623C1-00DD-42B3-A85D-7BE5A9686D83} = {D90B9E7C-80CA-4CA3-9E23-BE82E225553B}
		{04BFAE17-3557-4B85-99BD-5CB1384CD0FD} = {4B877C23-9A08-47CE-AFC7-1FED5074C112}
	EndGlobalSection
	GlobalSection(ExtensibilityGlobals) = postSolution
		SolutionGuid = {951D2BC0-CA71-459C-8F83-01BC44A1146B}
	EndGlobalSection
EndGlobal
